
Microsoft Visual Studio Solution File, Format Version 12.00
# Visual Studio 2012
Project("{8BC9CEB8-8B4A-11D0-8D11-00A0C91BC942}") = "SMTPServer", "SMTPServer\SMTPServer.vcxproj", "{31C2F05C-DDD2-406A-A33F-D09C17986738}"
EndProject
Global
	GlobalSection(SolutionConfigurationPlatforms) = preSolution
		Debug|Win32 = Debug|Win32
		Release|Win32 = Release|Win32
	EndGlobalSection
	GlobalSection(ProjectConfigurationPlatforms) = postSolution
		{31C2F05C-DDD2-406A-A33F-D09C17986738}.Debug|Win32.ActiveCfg = Debug|Win32
		{31C2F05C-DDD2-406A-A33F-D09C17986738}.Debug|Win32.Build.0 = Debug|Win32
		{31C2F05C-DDD2-406A-A33F-D09C17986738}.Release|Win32.ActiveCfg = Release|Win32
		{31C2F05C-DDD2-406A-A33F-D09C17986738}.Release|Win32.Build.0 = Release|Win32
	EndGlobalSection
	GlobalSection(SolutionProperties) = preSolution
		HideSolutionNode = FALSE
	EndGlobalSection
	GlobalSection(Performance) = preSolution
		HasPerformanceSessions = true
	EndGlobalSection
EndGlobal
